
Microsoft Visual Studio Solution File, Format Version 11.00
# Visual Studio 2010
Project("{8BC9CEB8-8B4A-11D0-8D11-00A0C91BC942}") = "ke", "ke\ke.vcxproj", "{720CABE1-51C5-4B6E-BA2E-3DBF582ACDEC}"
EndProject
Global
	GlobalSection(SolutionConfigurationPlatforms) = preSolution
		Debug|Win32 = Debug|Win32
		Release|Win32 = Release|Win32
	EndGlobalSection
	GlobalSection(ProjectConfigurationPlatforms) = postSolution
		{720CABE1-51C5-4B6E-BA2E-3DBF582ACDEC}.Debug|Win32.ActiveCfg = Debug|Win32
		{720CABE1-51C5-4B6E-BA2E-3DBF582ACDEC}.Debug|Win32.Build.0 = Debug|Win32
		{720CABE1-51C5-4B6E-BA2E-3DBF582ACDEC}.Release|Win32.ActiveCfg = Release|Win32
		{720CABE1-51C5-4B6E-BA2E-3DBF582ACDEC}.Release|Win32.Build.0 = Release|Win32
	EndGlobalSection
	GlobalSection(SolutionProperties) = preSolution
		HideSolutionNode = FALSE
	EndGlobalSection
EndGlobal
